
Microsoft Visual Studio Solution File, Format Version 12.00
# Visual Studio Version 17
VisualStudioVersion = 17.9.34723.18
MinimumVisualStudioVersion = 10.0.40219.1
Project("{FAE04EC0-301F-11D3-BF4B-00C04F79EFBC}") = "Linqdemo", "Linqdemo\Linqdemo.csproj", "{3E17E78C-F8E0-4942-9B7B-628D008E9740}"
EndProject
Global
	GlobalSection(SolutionConfigurationPlatforms) = preSolution
		Debug|Any CPU = Debug|Any CPU
		Release|Any CPU = Release|Any CPU
	EndGlobalSection
	GlobalSection(ProjectConfigurationPlatforms) = postSolution
		{3E17E78C-F8E0-4942-9B7B-628D008E9740}.Debug|Any CPU.ActiveCfg = Debug|Any CPU
		{3E17E78C-F8E0-4942-9B7B-628D008E9740}.Debug|Any CPU.Build.0 = Debug|Any CPU
		{3E17E78C-F8E0-4942-9B7B-628D008E9740}.Release|Any CPU.ActiveCfg = Release|Any CPU
		{3E17E78C-F8E0-4942-9B7B-628D008E9740}.Release|Any CPU.Build.0 = Release|Any CPU
	EndGlobalSection
	GlobalSection(SolutionProperties) = preSolution
		HideSolutionNode = FALSE
	EndGlobalSection
	GlobalSection(ExtensibilityGlobals) = postSolution
		SolutionGuid = {381797E0-B34A-4E75-8CEE-2D1E69D44039}
	EndGlobalSection
EndGlobal
